
Microsoft Visual Studio Solution File, Format Version 12.00
# Visual Studio Version 16
VisualStudioVersion = 16.0.30320.27
MinimumVisualStudioVersion = 10.0.40219.1
Project("{FAE04EC0-301F-11D3-BF4B-00C04F79EFBC}") = "eShopSolution.WebApp", "eShopSolution.WebApp\eShopSolution.WebApp.csproj", "{DBEE4C53-AFAB-48E1-81CC-C2EF210F560C}"
EndProject
Global
	GlobalSection(SolutionConfigurationPlatforms) = preSolution
		Debug|Any CPU = Debug|Any CPU
		Release|Any CPU = Release|Any CPU
	EndGlobalSection
	GlobalSection(ProjectConfigurationPlatforms) = postSolution
		{DBEE4C53-AFAB-48E1-81CC-C2EF210F560C}.Debug|Any CPU.ActiveCfg = Debug|Any CPU
		{DBEE4C53-AFAB-48E1-81CC-C2EF210F560C}.Debug|Any CPU.Build.0 = Debug|Any CPU
		{DBEE4C53-AFAB-48E1-81CC-C2EF210F560C}.Release|Any CPU.ActiveCfg = Release|Any CPU
		{DBEE4C53-AFAB-48E1-81CC-C2EF210F560C}.Release|Any CPU.Build.0 = Release|Any CPU
	EndGlobalSection
	GlobalSection(SolutionProperties) = preSolution
		HideSolutionNode = FALSE
	EndGlobalSection
	GlobalSection(ExtensibilityGlobals) = postSolution
		SolutionGuid = {6C9ACE58-398A-4095-A6AF-02FC8D07E64F}
	EndGlobalSection
EndGlobal
